
Microsoft Visual Studio Solution File, Format Version 12.00
# Visual Studio Version 16
VisualStudioVersion = 16.0.32126.315
MinimumVisualStudioVersion = 10.0.40219.1
Project("{9A19103F-16F7-4668-BE54-9A1E7A4F7556}") = "LibraryWPF", "LibraryWPF.csproj", "{4BFE0072-60BA-4C22-9187-AE809CA0964D}"
EndProject
Project("{2150E333-8FDC-42A3-9474-1A3956D46DE8}") = "Solution Items", "Solution Items", "{DB6414B9-CD07-4E71-9796-FF6739539351}"
	ProjectSection(SolutionItems) = preProject
		MainWindow.xaml.cs = MainWindow.xaml.cs
	EndProjectSection
EndProject
Global
	GlobalSection(SolutionConfigurationPlatforms) = preSolution
		Debug|Any CPU = Debug|Any CPU
		Release|Any CPU = Release|Any CPU
	EndGlobalSection
	GlobalSection(ProjectConfigurationPlatforms) = postSolution
		{4BFE0072-60BA-4C22-9187-AE809CA0964D}.Debug|Any CPU.ActiveCfg = Debug|Any CPU
		{4BFE0072-60BA-4C22-9187-AE809CA0964D}.Debug|Any CPU.Build.0 = Debug|Any CPU
		{4BFE0072-60BA-4C22-9187-AE809CA0964D}.Release|Any CPU.ActiveCfg = Release|Any CPU
		{4BFE0072-60BA-4C22-9187-AE809CA0964D}.Release|Any CPU.Build.0 = Release|Any CPU
	EndGlobalSection
	GlobalSection(SolutionProperties) = preSolution
		HideSolutionNode = FALSE
	EndGlobalSection
	GlobalSection(ExtensibilityGlobals) = postSolution
		SolutionGuid = {47C733F7-A7E1-4FFA-911A-F8ADFB7023E8}
	EndGlobalSection
EndGlobal
